// !$*UTF8*$!
{
	archiveVersion = 1;
	classes = {
	};
	objectVersion = 46;
	objects = {

/* Begin PBXBuildFile section */
		1984840F1A8F9D9A00123398 /* AppDelegate.swift in Sources */ = {isa = PBXBuildFile; fileRef = 1984840E1A8F9D9A00123398 /* AppDelegate.swift */; };
		198484121A8F9D9A00123398 /* SimpleSwiftList.xcdatamodeld in Sources */ = {isa = PBXBuildFile; fileRef = 198484101A8F9D9A00123398 /* SimpleSwiftList.xcdatamodeld */; };
		198484141A8F9D9A00123398 /* ViewController.swift in Sources */ = {isa = PBXBuildFile; fileRef = 198484131A8F9D9A00123398 /* ViewController.swift */; };
		198484171A8F9D9A00123398 /* Main.storyboard in Resources */ = {isa = PBXBuildFile; fileRef = 198484151A8F9D9A00123398 /* Main.storyboard */; };
		198484191A8F9D9A00123398 /* Images.xcassets in Resources */ = {isa = PBXBuildFile; fileRef = 198484181A8F9D9A00123398 /* Images.xcassets */; };
		1984841C1A8F9D9A00123398 /* LaunchScreen.xib in Resources */ = {isa = PBXBuildFile; fileRef = 1984841A1A8F9D9A00123398 /* LaunchScreen.xib */; };
		198484281A8F9D9A00123398 /* SimpleSwiftListTests.swift in Sources */ = {isa = PBXBuildFile; fileRef = 198484271A8F9D9A00123398 /* SimpleSwiftListTests.swift */; };
/* End PBXBuildFile section */

/* Begin PBXContainerItemProxy section */
		198484221A8F9D9A00123398 /* PBXContainerItemProxy */ = {
			isa = PBXContainerItemProxy;
			containerPortal = 198484011A8F9D9A00123398 /* Project object */;
			proxyType = 1;
			remoteGlobalIDString = 198484081A8F9D9A00123398;
			remoteInfo = SimpleSwiftList;
		};
/* End PBXContainerItemProxy section */

/* Begin PBXFileReference section */
		198484091A8F9D9A00123398 /* SimpleSwiftList.app */ = {isa = PBXFileReference; explicitFileType = wrapper.application; includeInIndex = 0; path = SimpleSwiftList.app; sourceTree = BUILT_PRODUCTS_DIR; };
		1984840D1A8F9D9A00123398 /* Info.plist */ = {isa = PBXFileReference; lastKnownFileType = text.plist.xml; path = Info.plist; sourceTree = "<group>"; };
		1984840E1A8F9D9A00123398 /* AppDelegate.swift */ = {isa = PBXFileReference; lastKnownFileType = sourcecode.swift; path = AppDelegate.swift; sourceTree = "<group>"; };
		198484111A8F9D9A00123398 /* SimpleSwiftList.xcdatamodel */ = {isa = PBXFileReference; lastKnownFileType = wrapper.xcdatamodel; path = SimpleSwiftList.xcdatamodel; sourceTree = "<group>"; };
		198484131A8F9D9A00123398 /* ViewController.swift */ = {isa = PBXFileReference; lastKnownFileType = sourcecode.swift; path = ViewController.swift; sourceTree = "<group>"; };
		198484161A8F9D9A00123398 /* Base */ = {isa = PBXFileReference; lastKnownFileType = file.storyboard; name = Base; path = Base.lproj/Main.storyboard; sourceTree = "<group>"; };
		198484181A8F9D9A00123398 /* Images.xcassets */ = {isa = PBXFileReference; lastKnownFileType = folder.assetcatalog; path = Images.xcassets; sourceTree = "<group>"; };
		1984841B1A8F9D9A00123398 /* Base */ = {isa = PBXFileReference; lastKnownFileType = file.xib; name = Base; path = Base.lproj/LaunchScreen.xib; sourceTree = "<group>"; };
		198484211A8F9D9A00123398 /* SimpleSwiftListTests.xctest */ = {isa = PBXFileReference; explicitFileType = wrapper.cfbundle; includeInIndex = 0; path = SimpleSwiftListTests.xctest; sourceTree = BUILT_PRODUCTS_DIR; };
		198484261A8F9D9A00123398 /* Info.plist */ = {isa = PBXFileReference; lastKnownFileType = text.plist.xml; path = Info.plist; sourceTree = "<group>"; };
		198484271A8F9D9A00123398 /* SimpleSwiftListTests.swift */ = {isa = PBXFileReference; lastKnownFileType = sourcecode.swift; path = SimpleSwiftListTests.swift; sourceTree = "<group>"; };
/* End PBXFileReference section */

/* Begin PBXFrameworksBuildPhase section */
		198484061A8F9D9A00123398 /* Frameworks */ = {
			isa = PBXFrameworksBuildPhase;
			buildActionMask = 2147483647;
			files = (
			);
			runOnlyForDeploymentPostprocessing = 0;
		};
		1984841E1A8F9D9A00123398 /* Frameworks */ = {
			isa = PBXFrameworksBuildPhase;
			buildActionMask = 2147483647;
			files = (
			);
			runOnlyForDeploymentPostprocessing = 0;
		};
/* End PBXFrameworksBuildPhase section */

/* Begin PBXGroup section */
		198484001A8F9D9A00123398 = {
			isa = PBXGroup;
			children = (
				1984840B1A8F9D9A00123398 /* SimpleSwiftList */,
				198484241A8F9D9A00123398 /* SimpleSwiftListTests */,
				1984840A1A8F9D9A00123398 /* Products */,
			);
			sourceTree = "<group>";
		};
		1984840A1A8F9D9A00123398 /* Products */ = {
			isa = PBXGroup;
			children = (
				198484091A8F9D9A00123398 /* SimpleSwiftList.app */,
				198484211A8F9D9A00123398 /* SimpleSwiftListTests.xctest */,
			);
			name = Products;
			sourceTree = "<group>";
		};
		1984840B1A8F9D9A00123398 /* SimpleSwiftList */ = {
			isa = PBXGroup;
			children = (
				1984840E1A8F9D9A00123398 /* AppDelegate.swift */,
				198484131A8F9D9A00123398 /* ViewController.swift */,
				198484151A8F9D9A00123398 /* Main.storyboard */,
				198484181A8F9D9A00123398 /* Images.xcassets */,
				1984841A1A8F9D9A00123398 /* LaunchScreen.xib */,
				198484101A8F9D9A00123398 /* SimpleSwiftList.xcdatamodeld */,
				1984840C1A8F9D9A00123398 /* Supporting Files */,
			);
			path = SimpleSwiftList;
			sourceTree = "<group>";
		};
		1984840C1A8F9D9A00123398 /* Supporting Files */ = {
			isa = PBXGroup;
			children = (
				1984840D1A8F9D9A00123398 /* Info.plist */,
			);
			name = "Supporting Files";
			sourceTree = "<group>";
		};
		198484241A8F9D9A00123398 /* SimpleSwiftListTests */ = {
			isa = PBXGroup;
			children = (
				198484271A8F9D9A00123398 /* SimpleSwiftListTests.swift */,
				198484251A8F9D9A00123398 /* Supporting Files */,
			);
			path = SimpleSwiftListTests;
			sourceTree = "<group>";
		};
		198484251A8F9D9A00123398 /* Supporting Files */ = {
			isa = PBXGroup;
			children = (
				198484261A8F9D9A00123398 /* Info.plist */,
			);
			name = "Supporting Files";
			sourceTree = "<group>";
		};
/* End PBXGroup section */

/* Begin PBXNativeTarget section */
		198484081A8F9D9A00123398 /* SimpleSwiftList */ = {
			isa = PBXNativeTarget;
			buildConfigurationList = 1984842B1A8F9D9A00123398 /* Build configuration list for PBXNativeTarget "SimpleSwiftList" */;
			buildPhases = (
				198484051A8F9D9A00123398 /* Sources */,
				198484061A8F9D9A00123398 /* Frameworks */,
				198484071A8F9D9A00123398 /* Resources */,
			);
			buildRules = (
			);
			dependencies = (
			);
			name = SimpleSwiftList;
			productName = SimpleSwiftList;
			productReference = 198484091A8F9D9A00123398 /* SimpleSwiftList.app */;
			productType = "com.apple.product-type.application";
		};
		198484201A8F9D9A00123398 /* SimpleSwiftListTests */ = {
			isa = PBXNativeTarget;
			buildConfigurationList = 1984842E1A8F9D9A00123398 /* Build configuration list for PBXNativeTarget "SimpleSwiftListTests" */;
			buildPhases = (
				1984841D1A8F9D9A00123398 /* Sources */,
				1984841E1A8F9D9A00123398 /* Frameworks */,
				1984841F1A8F9D9A00123398 /* Resources */,
			);
			buildRules = (
			);
			dependencies = (
				198484231A8F9D9A00123398 /* PBXTargetDependency */,
			);
			name = SimpleSwiftListTests;
			productName = SimpleSwiftListTests;
			productReference = 198484211A8F9D9A00123398 /* SimpleSwiftListTests.xctest */;
			productType = "com.apple.product-type.bundle.unit-test";
		};
/* End PBXNativeTarget section */

/* Begin PBXProject section */
		198484011A8F9D9A00123398 /* Project object */ = {
			isa = PBXProject;
			attributes = {
				LastUpgradeCheck = 0630;
				ORGANIZATIONNAME = "Gareth Jones";
				TargetAttributes = {
					198484081A8F9D9A00123398 = {
						CreatedOnToolsVersion = 6.3;
					};
					198484201A8F9D9A00123398 = {
						CreatedOnToolsVersion = 6.3;
						TestTargetID = 198484081A8F9D9A00123398;
					};
				};
			};
			buildConfigurationList = 198484041A8F9D9A00123398 /* Build configuration list for PBXProject "SimpleSwiftList" */;
			compatibilityVersion = "Xcode 3.2";
			developmentRegion = English;
			hasScannedForEncodings = 0;
			knownRegions = (
				en,
				Base,
			);
			mainGroup = 198484001A8F9D9A00123398;
			productRefGroup = 1984840A1A8F9D9A00123398 /* Products */;
			projectDirPath = "";
			projectRoot = "";
			targets = (
				198484081A8F9D9A00123398 /* SimpleSwiftList */,
				198484201A8F9D9A00123398 /* SimpleSwiftListTests */,
			);
		};
/* End PBXProject section */

/* Begin PBXResourcesBuildPhase section */
		198484071A8F9D9A00123398 /* Resources */ = {
			isa = PBXResourcesBuildPhase;
			buildActionMask = 2147483647;
			files = (
				198484171A8F9D9A00123398 /* Main.storyboard in Resources */,
				1984841C1A8F9D9A00123398 /* LaunchScreen.xib in Resources */,
				198484191A8F9D9A00123398 /* Images.xcassets in Resources */,
			);
			runOnlyForDeploymentPostprocessing = 0;
		};
		1984841F1A8F9D9A00123398 /* Resources */ = {
			isa = PBXResourcesBuildPhase;
			buildActionMask = 2147483647;
			files = (
			);
			runOnlyForDeploymentPostprocessing = 0;
		};
/* End PBXResourcesBuildPhase section */

/* Begin PBXSourcesBuildPhase section */
		198484051A8F9D9A00123398 /* Sources */ = {
			isa = PBXSourcesBuildPhase;
			buildActionMask = 2147483647;
			files = (
				198484141A8F9D9A00123398 /* ViewController.swift in Sources */,
				1984840F1A8F9D9A00123398 /* AppDelegate.swift in Sources */,
				198484121A8F9D9A00123398 /* SimpleSwiftList.xcdatamodeld in Sources */,
			);
			runOnlyForDeploymentPostprocessing = 0;
		};
		1984841D1A8F9D9A00123398 /* Sources */ = {
			isa = PBXSourcesBuildPhase;
			buildActionMask = 2147483647;
			files = (
				198484281A8F9D9A00123398 /* SimpleSwiftListTests.swift in Sources */,
			);
			runOnlyForDeploymentPostprocessing = 0;
		};
/* End PBXSourcesBuildPhase section */

/* Begin PBXTargetDependency section */
		198484231A8F9D9A00123398 /* PBXTargetDependency */ = {
			isa = PBXTargetDependency;
			target = 198484081A8F9D9A00123398 /* SimpleSwiftList */;
			targetProxy = 198484221A8F9D9A00123398 /* PBXContainerItemProxy */;
		};
/* End PBXTargetDependency section */

/* Begin PBXVariantGroup section */
		198484151A8F9D9A00123398 /* Main.storyboard */ = {
			isa = PBXVariantGroup;
			children = (
				198484161A8F9D9A00123398 /* Base */,
			);
			name = Main.storyboard;
			sourceTree = "<group>";
		};
		1984841A1A8F9D9A00123398 /* LaunchScreen.xib */ = {
			isa = PBXVariantGroup;
			children = (
				1984841B1A8F9D9A00123398 /* Base */,
			);
			name = LaunchScreen.xib;
			sourceTree = "<group>";
		};
/* End PBXVariantGroup section */

/* Begin XCBuildConfiguration section */
		198484291A8F9D9A00123398 /* Debug */ = {
			isa = XCBuildConfiguration;
			buildSettings = {
				ALWAYS_SEARCH_USER_PATHS = NO;
				CLANG_CXX_LANGUAGE_STANDARD = "gnu++0x";
				CLANG_CXX_LIBRARY = "libc++";
				CLANG_ENABLE_MODULES = YES;
				CLANG_ENABLE_OBJC_ARC = YES;
				CLANG_WARN_BOOL_CONVERSION = YES;
				CLANG_WARN_CONSTANT_CONVERSION = YES;
				CLANG_WARN_DIRECT_OBJC_ISA_USAGE = YES_ERROR;
				CLANG_WARN_EMPTY_BODY = YES;
				CLANG_WARN_ENUM_CONVERSION = YES;
				CLANG_WARN_INT_CONVERSION = YES;
				CLANG_WARN_OBJC_ROOT_CLASS = YES_ERROR;
				CLANG_WARN_UNREACHABLE_CODE = YES;
				CLANG_WARN__DUPLICATE_METHOD_MATCH = YES;
				"CODE_SIGN_IDENTITY[sdk=iphoneos*]" = "iPhone Developer";
				COPY_PHASE_STRIP = NO;
				DEBUG_INFORMATION_FORMAT = dwarf;
				ENABLE_STRICT_OBJC_MSGSEND = YES;
				GCC_C_LANGUAGE_STANDARD = gnu99;
				GCC_DYNAMIC_NO_PIC = NO;
				GCC_OPTIMIZATION_LEVEL = 0;
				GCC_PREPROCESSOR_DEFINITIONS = (
					"DEBUG=1",
					"$(inherited)",
				);
				GCC_SYMBOLS_PRIVATE_EXTERN = NO;
				GCC_WARN_64_TO_32_BIT_CONVERSION = YES;
				GCC_WARN_ABOUT_RETURN_TYPE = YES_ERROR;
				GCC_WARN_UNDECLARED_SELECTOR = YES;
				GCC_WARN_UNINITIALIZED_AUTOS = YES_AGGRESSIVE;
				GCC_WARN_UNUSED_FUNCTION = YES;
				GCC_WARN_UNUSED_VARIABLE = YES;
				IPHONEOS_DEPLOYMENT_TARGET = 8.3;
				MTL_ENABLE_DEBUG_INFO = YES;
				ONLY_ACTIVE_ARCH = YES;
				SDKROOT = iphoneos;
				SWIFT_OPTIMIZATION_LEVEL = "-Onone";
			};
			name = Debug;
		};
		1984842A1A8F9D9A00123398 /* Release */ = {
			isa = XCBuildConfiguration;
			buildSettings = {
				ALWAYS_SEARCH_USER_PATHS = NO;
				CLANG_CXX_LANGUAGE_STANDARD = "gnu++0x";
				CLANG_CXX_LIBRARY = "libc++";
				CLANG_ENABLE_MODULES = YES;
				CLANG_ENABLE_OBJC_ARC = YES;
				CLANG_WARN_BOOL_CONVERSION = YES;
				CLANG_WARN_CONSTANT_CONVERSION = YES;
				CLANG_WARN_DIRECT_OBJC_ISA_USAGE = YES_ERROR;
				CLANG_WARN_EMPTY_BODY = YES;
				CLANG_WARN_ENUM_CONVERSION = YES;
				CLANG_WARN_INT_CONVERSION = YES;
				CLANG_WARN_OBJC_ROOT_CLASS = YES_ERROR;
				CLANG_WARN_UNREACHABLE_CODE = YES;
				CLANG_WARN__DUPLICATE_METHOD_MATCH = YES;
				"CODE_SIGN_IDENTITY[sdk=iphoneos*]" = "iPhone Developer";
				COPY_PHASE_STRIP = NO;
				DEBUG_INFORMATION_FORMAT = "dwarf-with-dsym";
				ENABLE_NS_ASSERTIONS = NO;
				ENABLE_STRICT_OBJC_MSGSEND = YES;
				GCC_C_LANGUAGE_STANDARD = gnu99;
				GCC_WARN_64_TO_32_BIT_CONVERSION = YES;
				GCC_WARN_ABOUT_RETURN_TYPE = YES_ERROR;
				GCC_WARN_UNDECLARED_SELECTOR = YES;
				GCC_WARN_UNINITIALIZED_AUTOS = YES_AGGRESSIVE;
				GCC_WARN_UNUSED_FUNCTION = YES;
				GCC_WARN_UNUSED_VARIABLE = YES;
				IPHONEOS_DEPLOYMENT_TARGET = 8.3;
				MTL_ENABLE_DEBUG_INFO = NO;
				SDKROOT = iphoneos;
				VALIDATE_PRODUCT = YES;
			};
			name = Release;
		};
		1984842C1A8F9D9A00123398 /* Debug */ = {
			isa = XCBuildConfiguration;
			buildSettings = {
				ASSETCATALOG_COMPILER_APPICON_NAME = AppIcon;
				INFOPLIST_FILE = SimpleSwiftList/Info.plist;
				LD_RUNPATH_SEARCH_PATHS = "$(inherited) @executable_path/Frameworks";
				PRODUCT_NAME = "$(TARGET_NAME)";
			};
			name = Debug;
		};
		1984842D1A8F9D9A00123398 /* Release */ = {
			isa = XCBuildConfiguration;
			buildSettings = {
				ASSETCATALOG_COMPILER_APPICON_NAME = AppIcon;
				INFOPLIST_FILE = SimpleSwiftList/Info.plist;
				LD_RUNPATH_SEARCH_PATHS = "$(inherited) @executable_path/Frameworks";
				PRODUCT_NAME = "$(TARGET_NAME)";
			};
			name = Release;
		};
		1984842F1A8F9D9A00123398 /* Debug */ = {
			isa = XCBuildConfiguration;
			buildSettings = {
				BUNDLE_LOADER = "$(TEST_HOST)";
				FRAMEWORK_SEARCH_PATHS = (
					"$(SDKROOT)/Developer/Library/Frameworks",
					"$(inherited)",
				);
				GCC_PREPROCESSOR_DEFINITIONS = (
					"DEBUG=1",
					"$(inherited)",
				);
				INFOPLIST_FILE = SimpleSwiftListTests/Info.plist;
				LD_RUNPATH_SEARCH_PATHS = "$(inherited) @executable_path/Frameworks @loader_path/Frameworks";
				PRODUCT_NAME = "$(TARGET_NAME)";
				TEST_HOST = "$(BUILT_PRODUCTS_DIR)/SimpleSwiftList.app/SimpleSwiftList";
			};
			name = Debug;
		};
		198484301A8F9D9A00123398 /* Release */ = {
			isa = XCBuildConfiguration;
			buildSettings = {
				BUNDLE_LOADER = "$(TEST_HOST)";
				FRAMEWORK_SEARCH_PATHS = (
					"$(SDKROOT)/Developer/Library/Frameworks",
					"$(inherited)",
				);
				INFOPLIST_FILE = SimpleSwiftListTests/Info.plist;
				LD_RUNPATH_SEARCH_PATHS = "$(inherited) @executable_path/Frameworks @loader_path/Frameworks";
				PRODUCT_NAME = "$(TARGET_NAME)";
				TEST_HOST = "$(BUILT_PRODUCTS_DIR)/SimpleSwiftList.app/SimpleSwiftList";
			};
			name = Release;
		};
/* End XCBuildConfiguration section */

/* Begin XCConfigurationList section */
		198484041A8F9D9A00123398 /* Build configuration list for PBXProject "SimpleSwiftList" */ = {
			isa = XCConfigurationList;
			buildConfigurations = (
				198484291A8F9D9A00123398 /* Debug */,
				1984842A1A8F9D9A00123398 /* Release */,
			);
			defaultConfigurationIsVisible = 0;
			defaultConfigurationName = Release;
		};
		1984842B1A8F9D9A00123398 /* Build configuration list for PBXNativeTarget "SimpleSwiftList" */ = {
			isa = XCConfigurationList;
			buildConfigurations = (
				1984842C1A8F9D9A00123398 /* Debug */,
				1984842D1A8F9D9A00123398 /* Release */,
			);
			defaultConfigurationIsVisible = 0;
		};
		1984842E1A8F9D9A00123398 /* Build configuration list for PBXNativeTarget "SimpleSwiftListTests" */ = {
			isa = XCConfigurationList;
			buildConfigurations = (
				1984842F1A8F9D9A00123398 /* Debug */,
				198484301A8F9D9A00123398 /* Release */,
			);
			defaultConfigurationIsVisible = 0;
		};
/* End XCConfigurationList section */

/* Begin XCVersionGroup section */
		198484101A8F9D9A00123398 /* SimpleSwiftList.xcdatamodeld */ = {
			isa = XCVersionGroup;
			children = (
				198484111A8F9D9A00123398 /* SimpleSwiftList.xcdatamodel */,
			);
			currentVersion = 198484111A8F9D9A00123398 /* SimpleSwiftList.xcdatamodel */;
			path = SimpleSwiftList.xcdatamodeld;
			sourceTree = "<group>";
			versionGroupType = wrapper.xcdatamodel;
		};
/* End XCVersionGroup section */
	};
	rootObject = 198484011A8F9D9A00123398 /* Project object */;
}
